
Microsoft Visual Studio Solution File, Format Version 12.00
# Visual Studio Version 17
VisualStudioVersion = 17.0.31903.59
MinimumVisualStudioVersion = 10.0.40219.1
Project("{2150E333-8FDC-42A3-9474-1A3956D46DE8}") = "src", "src", "{827E0CD3-B72D-47B6-A68D-7590B98EB39B}"
EndProject
Project("{FAE04EC0-301F-11D3-BF4B-00C04F79EFBC}") = "Ninja.Domain", "src\Ninja.Domain\Ninja.Domain.csproj", "{6FC10894-6428-4267-96E5-F17E65EC00D1}"
EndProject
Project("{FAE04EC0-301F-11D3-BF4B-00C04F79EFBC}") = "Ninja.Application", "src\Ninja.Application\Ninja.Application.csproj", "{75F52C6D-7346-4975-8999-1A0B686659DE}"
EndProject
Project("{FAE04EC0-301F-11D3-BF4B-00C04F79EFBC}") = "Ninja.Infrastructure", "src\Ninja.Infrastructure\Ninja.Infrastructure.csproj", "{5A227841-8270-44FD-8AF7-0080BF0384B4}"
EndProject
Project("{FAE04EC0-301F-11D3-BF4B-00C04F79EFBC}") = "Ninja.Api", "src\Ninja.Api\Ninja.Api.csproj", "{1AD3478D-6DD9-4747-82FB-C6118944C159}"
EndProject
Project("{2150E333-8FDC-42A3-9474-1A3956D46DE8}") = "tests", "tests", "{0AB3BF05-4346-4AA6-1389-037BE0695223}"
EndProject
Project("{FAE04EC0-301F-11D3-BF4B-00C04F79EFBC}") = "Ninja.Domain.Tests", "tests\Ninja.Domain.Tests\Ninja.Domain.Tests.csproj", "{E5BAD5D3-0062-4A57-8435-2EFFE47A2E39}"
EndProject
Project("{FAE04EC0-301F-11D3-BF4B-00C04F79EFBC}") = "Ninja.Application.Tests", "tests\Ninja.Application.Tests\Ninja.Application.Tests.csproj", "{9D084577-0D5A-4124-8EBF-38A5E107EEA5}"
EndProject
Project("{FAE04EC0-301F-11D3-BF4B-00C04F79EFBC}") = "Ninja.Infrastructure.Tests", "tests\Ninja.Infrastructure.Tests\Ninja.Infrastructure.Tests.csproj", "{59E52F94-17AE-4408-840D-F5125C528CC8}"
EndProject
Project("{FAE04EC0-301F-11D3-BF4B-00C04F79EFBC}") = "Ninja.Api.Tests", "tests\Ninja.Api.Tests\Ninja.Api.Tests.csproj", "{48CD1011-8FBF-4D5F-9CE0-A8070E681494}"
EndProject
Global
	GlobalSection(SolutionConfigurationPlatforms) = preSolution
		Debug|Any CPU = Debug|Any CPU
		Debug|x64 = Debug|x64
		Debug|x86 = Debug|x86
		Release|Any CPU = Release|Any CPU
		Release|x64 = Release|x64
		Release|x86 = Release|x86
	EndGlobalSection
	GlobalSection(ProjectConfigurationPlatforms) = postSolution
		{6FC10894-6428-4267-96E5-F17E65EC00D1}.Debug|Any CPU.ActiveCfg = Debug|Any CPU
		{6FC10894-6428-4267-96E5-F17E65EC00D1}.Debug|Any CPU.Build.0 = Debug|Any CPU
		{6FC10894-6428-4267-96E5-F17E65EC00D1}.Debug|x64.ActiveCfg = Debug|Any CPU
		{6FC10894-6428-4267-96E5-F17E65EC00D1}.Debug|x64.Build.0 = Debug|Any CPU
		{6FC10894-6428-4267-96E5-F17E65EC00D1}.Debug|x86.ActiveCfg = Debug|Any CPU
		{6FC10894-6428-4267-96E5-F17E65EC00D1}.Debug|x86.Build.0 = Debug|Any CPU
		{6FC10894-6428-4267-96E5-F17E65EC00D1}.Release|Any CPU.ActiveCfg = Release|Any CPU
		{6FC10894-6428-4267-96E5-F17E65EC00D1}.Release|Any CPU.Build.0 = Release|Any CPU
		{6FC10894-6428-4267-96E5-F17E65EC00D1}.Release|x64.ActiveCfg = Release|Any CPU
		{6FC10894-6428-4267-96E5-F17E65EC00D1}.Release|x64.Build.0 = Release|Any CPU
		{6FC10894-6428-4267-96E5-F17E65EC00D1}.Release|x86.ActiveCfg = Release|Any CPU
		{6FC10894-6428-4267-96E5-F17E65EC00D1}.Release|x86.Build.0 = Release|Any CPU
		{75F52C6D-7346-4975-8999-1A0B686659DE}.Debug|Any CPU.ActiveCfg = Debug|Any CPU
		{75F52C6D-7346-4975-8999-1A0B686659DE}.Debug|Any CPU.Build.0 = Debug|Any CPU
		{75F52C6D-7346-4975-8999-1A0B686659DE}.Debug|x64.ActiveCfg = Debug|Any CPU
		{75F52C6D-7346-4975-8999-1A0B686659DE}.Debug|x64.Build.0 = Debug|Any CPU
		{75F52C6D-7346-4975-8999-1A0B686659DE}.Debug|x86.ActiveCfg = Debug|Any CPU
		{75F52C6D-7346-4975-8999-1A0B686659DE}.Debug|x86.Build.0 = Debug|Any CPU
		{75F52C6D-7346-4975-8999-1A0B686659DE}.Release|Any CPU.ActiveCfg = Release|Any CPU
		{75F52C6D-7346-4975-8999-1A0B686659DE}.Release|Any CPU.Build.0 = Release|Any CPU
		{75F52C6D-7346-4975-8999-1A0B686659DE}.Release|x64.ActiveCfg = Release|Any CPU
		{75F52C6D-7346-4975-8999-1A0B686659DE}.Release|x64.Build.0 = Release|Any CPU
		{75F52C6D-7346-4975-8999-1A0B686659DE}.Release|x86.ActiveCfg = Release|Any CPU
		{75F52C6D-7346-4975-8999-1A0B686659DE}.Release|x86.Build.0 = Release|Any CPU
		{5A227841-8270-44FD-8AF7-0080BF0384B4}.Debug|Any CPU.ActiveCfg = Debug|Any CPU
		{5A227841-8270-44FD-8AF7-0080BF0384B4}.Debug|Any CPU.Build.0 = Debug|Any CPU
		{5A227841-8270-44FD-8AF7-0080BF0384B4}.Debug|x64.ActiveCfg = Debug|Any CPU
		{5A227841-8270-44FD-8AF7-0080BF0384B4}.Debug|x64.Build.0 = Debug|Any CPU
		{5A227841-8270-44FD-8AF7-0080BF0384B4}.Debug|x86.ActiveCfg = Debug|Any CPU
		{5A227841-8270-44FD-8AF7-0080BF0384B4}.Debug|x86.Build.0 = Debug|Any CPU
		{5A227841-8270-44FD-8AF7-0080BF0384B4}.Release|Any CPU.ActiveCfg = Release|Any CPU
		{5A227841-8270-44FD-8AF7-0080BF0384B4}.Release|Any CPU.Build.0 = Release|Any CPU
		{5A227841-8270-44FD-8AF7-0080BF0384B4}.Release|x64.ActiveCfg = Release|Any CPU
		{5A227841-8270-44FD-8AF7-0080BF0384B4}.Release|x64.Build.0 = Release|Any CPU
		{5A227841-8270-44FD-8AF7-0080BF0384B4}.Release|x86.ActiveCfg = Release|Any CPU
		{5A227841-8270-44FD-8AF7-0080BF0384B4}.Release|x86.Build.0 = Release|Any CPU
		{1AD3478D-6DD9-4747-82FB-C6118944C159}.Debug|Any CPU.ActiveCfg = Debug|Any CPU
		{1AD3478D-6DD9-4747-82FB-C6118944C159}.Debug|Any CPU.Build.0 = Debug|Any CPU
		{1AD3478D-6DD9-4747-82FB-C6118944C159}.Debug|x64.ActiveCfg = Debug|Any CPU
		{1AD3478D-6DD9-4747-82FB-C6118944C159}.Debug|x64.Build.0 = Debug|Any CPU
		{1AD3478D-6DD9-4747-82FB-C6118944C159}.Debug|x86.ActiveCfg = Debug|Any CPU
		{1AD3478D-6DD9-4747-82FB-C6118944C159}.Debug|x86.Build.0 = Debug|Any CPU
		{1AD3478D-6DD9-4747-82FB-C6118944C159}.Release|Any CPU.ActiveCfg = Release|Any CPU
		{1AD3478D-6DD9-4747-82FB-C6118944C159}.Release|Any CPU.Build.0 = Release|Any CPU
		{1AD3478D-6DD9-4747-82FB-C6118944C159}.Release|x64.ActiveCfg = Release|Any CPU
		{1AD3478D-6DD9-4747-82FB-C6118944C159}.Release|x64.Build.0 = Release|Any CPU
		{1AD3478D-6DD9-4747-82FB-C6118944C159}.Release|x86.ActiveCfg = Release|Any CPU
		{1AD3478D-6DD9-4747-82FB-C6118944C159}.Release|x86.Build.0 = Release|Any CPU
		{E5BAD5D3-0062-4A57-8435-2EFFE47A2E39}.Debug|Any CPU.ActiveCfg = Debug|Any CPU
		{E5BAD5D3-0062-4A57-8435-2EFFE47A2E39}.Debug|Any CPU.Build.0 = Debug|Any CPU
		{E5BAD5D3-0062-4A57-8435-2EFFE47A2E39}.Debug|x64.ActiveCfg = Debug|Any CPU
		{E5BAD5D3-0062-4A57-8435-2EFFE47A2E39}.Debug|x64.Build.0 = Debug|Any CPU
		{E5BAD5D3-0062-4A57-8435-2EFFE47A2E39}.Debug|x86.ActiveCfg = Debug|Any CPU
		{E5BAD5D3-0062-4A57-8435-2EFFE47A2E39}.Debug|x86.Build.0 = Debug|Any CPU
		{E5BAD5D3-0062-4A57-8435-2EFFE47A2E39}.Release|Any CPU.ActiveCfg = Release|Any CPU
		{E5BAD5D3-0062-4A57-8435-2EFFE47A2E39}.Release|Any CPU.Build.0 = Release|Any CPU
		{E5BAD5D3-0062-4A57-8435-2EFFE47A2E39}.Release|x64.ActiveCfg = Release|Any CPU
		{E5BAD5D3-0062-4A57-8435-2EFFE47A2E39}.Release|x64.Build.0 = Release|Any CPU
		{E5BAD5D3-0062-4A57-8435-2EFFE47A2E39}.Release|x86.ActiveCfg = Release|Any CPU
		{E5BAD5D3-0062-4A57-8435-2EFFE47A2E39}.Release|x86.Build.0 = Release|Any CPU
		{9D084577-0D5A-4124-8EBF-38A5E107EEA5}.Debug|Any CPU.ActiveCfg = Debug|Any CPU
		{9D084577-0D5A-4124-8EBF-38A5E107EEA5}.Debug|Any CPU.Build.0 = Debug|Any CPU
		{9D084577-0D5A-4124-8EBF-38A5E107EEA5}.Debug|x64.ActiveCfg = Debug|Any CPU
		{9D084577-0D5A-4124-8EBF-38A5E107EEA5}.Debug|x64.Build.0 = Debug|Any CPU
		{9D084577-0D5A-4124-8EBF-38A5E107EEA5}.Debug|x86.ActiveCfg = Debug|Any CPU
		{9D084577-0D5A-4124-8EBF-38A5E107EEA5}.Debug|x86.Build.0 = Debug|Any CPU
		{9D084577-0D5A-4124-8EBF-38A5E107EEA5}.Release|Any CPU.ActiveCfg = Release|Any CPU
		{9D084577-0D5A-4124-8EBF-38A5E107EEA5}.Release|Any CPU.Build.0 = Release|Any CPU
		{9D084577-0D5A-4124-8EBF-38A5E107EEA5}.Release|x64.ActiveCfg = Release|Any CPU
		{9D084577-0D5A-4124-8EBF-38A5E107EEA5}.Release|x64.Build.0 = Release|Any CPU
		{9D084577-0D5A-4124-8EBF-38A5E107EEA5}.Release|x86.ActiveCfg = Release|Any CPU
		{9D084577-0D5A-4124-8EBF-38A5E107EEA5}.Release|x86.Build.0 = Release|Any CPU
		{59E52F94-17AE-4408-840D-F5125C528CC8}.Debug|Any CPU.ActiveCfg = Debug|Any CPU
		{59E52F94-17AE-4408-840D-F5125C528CC8}.Debug|Any CPU.Build.0 = Debug|Any CPU
		{59E52F94-17AE-4408-840D-F5125C528CC8}.Debug|x64.ActiveCfg = Debug|Any CPU
		{59E52F94-17AE-4408-840D-F5125C528CC8}.Debug|x64.Build.0 = Debug|Any CPU
		{59E52F94-17AE-4408-840D-F5125C528CC8}.Debug|x86.ActiveCfg = Debug|Any CPU
		{59E52F94-17AE-4408-840D-F5125C528CC8}.Debug|x86.Build.0 = Debug|Any CPU
		{59E52F94-17AE-4408-840D-F5125C528CC8}.Release|Any CPU.ActiveCfg = Release|Any CPU
		{59E52F94-17AE-4408-840D-F5125C528CC8}.Release|Any CPU.Build.0 = Release|Any CPU
		{59E52F94-17AE-4408-840D-F5125C528CC8}.Release|x64.ActiveCfg = Release|Any CPU
		{59E52F94-17AE-4408-840D-F5125C528CC8}.Release|x64.Build.0 = Release|Any CPU
		{59E52F94-17AE-4408-840D-F5125C528CC8}.Release|x86.ActiveCfg = Release|Any CPU
		{59E52F94-17AE-4408-840D-F5125C528CC8}.Release|x86.Build.0 = Release|Any CPU
		{48CD1011-8FBF-4D5F-9CE0-A8070E681494}.Debug|Any CPU.ActiveCfg = Debug|Any CPU
		{48CD1011-8FBF-4D5F-9CE0-A8070E681494}.Debug|Any CPU.Build.0 = Debug|Any CPU
		{48CD1011-8FBF-4D5F-9CE0-A8070E681494}.Debug|x64.ActiveCfg = Debug|Any CPU
		{48CD1011-8FBF-4D5F-9CE0-A8070E681494}.Debug|x64.Build.0 = Debug|Any CPU
		{48CD1011-8FBF-4D5F-9CE0-A8070E681494}.Debug|x86.ActiveCfg = Debug|Any CPU
		{48CD1011-8FBF-4D5F-9CE0-A8070E681494}.Debug|x86.Build.0 = Debug|Any CPU
		{48CD1011-8FBF-4D5F-9CE0-A8070E681494}.Release|Any CPU.ActiveCfg = Release|Any CPU
		{48CD1011-8FBF-4D5F-9CE0-A8070E681494}.Release|Any CPU.Build.0 = Release|Any CPU
		{48CD1011-8FBF-4D5F-9CE0-A8070E681494}.Release|x64.ActiveCfg = Release|Any CPU
		{48CD1011-8FBF-4D5F-9CE0-A8070E681494}.Release|x64.Build.0 = Release|Any CPU
		{48CD1011-8FBF-4D5F-9CE0-A8070E681494}.Release|x86.ActiveCfg = Release|Any CPU
		{48CD1011-8FBF-4D5F-9CE0-A8070E681494}.Release|x86.Build.0 = Release|Any CPU
	EndGlobalSection
	GlobalSection(SolutionProperties) = preSolution
		HideSolutionNode = FALSE
	EndGlobalSection
	GlobalSection(NestedProjects) = preSolution
		{6FC10894-6428-4267-96E5-F17E65EC00D1} = {827E0CD3-B72D-47B6-A68D-7590B98EB39B}
		{75F52C6D-7346-4975-8999-1A0B686659DE} = {827E0CD3-B72D-47B6-A68D-7590B98EB39B}
		{5A227841-8270-44FD-8AF7-0080BF0384B4} = {827E0CD3-B72D-47B6-A68D-7590B98EB39B}
		{1AD3478D-6DD9-4747-82FB-C6118944C159} = {827E0CD3-B72D-47B6-A68D-7590B98EB39B}
		{E5BAD5D3-0062-4A57-8435-2EFFE47A2E39} = {0AB3BF05-4346-4AA6-1389-037BE0695223}
		{9D084577-0D5A-4124-8EBF-38A5E107EEA5} = {0AB3BF05-4346-4AA6-1389-037BE0695223}
		{59E52F94-17AE-4408-840D-F5125C528CC8} = {0AB3BF05-4346-4AA6-1389-037BE0695223}
		{48CD1011-8FBF-4D5F-9CE0-A8070E681494} = {0AB3BF05-4346-4AA6-1389-037BE0695223}
	EndGlobalSection
EndGlobal
